
Microsoft Visual Studio Solution File, Format Version 12.00
# Visual Studio Version 16
VisualStudioVersion = 16.0.30114.105
MinimumVisualStudioVersion = 10.0.40219.1
Project("{FAE04EC0-301F-11D3-BF4B-00C04F79EFBC}") = "SmsSendingApp", "SmsSendingApp\SmsSendingApp.csproj", "{631A7F6F-5599-4510-A17F-A29E25D22654}"
EndProject
Project("{FAE04EC0-301F-11D3-BF4B-00C04F79EFBC}") = "SmsSendingApp.Tests", "SmsSendingApp.Tests\SmsSendingApp.Tests.csproj", "{16D91D7B-FA73-4279-8D04-D82BB6AAC141}"
EndProject
Global
	GlobalSection(SolutionConfigurationPlatforms) = preSolution
		Debug|Any CPU = Debug|Any CPU
		Release|Any CPU = Release|Any CPU
	EndGlobalSection
	GlobalSection(SolutionProperties) = preSolution
		HideSolutionNode = FALSE
	EndGlobalSection
	GlobalSection(ProjectConfigurationPlatforms) = postSolution
		{631A7F6F-5599-4510-A17F-A29E25D22654}.Debug|Any CPU.ActiveCfg = Debug|Any CPU
		{631A7F6F-5599-4510-A17F-A29E25D22654}.Debug|Any CPU.Build.0 = Debug|Any CPU
		{631A7F6F-5599-4510-A17F-A29E25D22654}.Release|Any CPU.ActiveCfg = Release|Any CPU
		{631A7F6F-5599-4510-A17F-A29E25D22654}.Release|Any CPU.Build.0 = Release|Any CPU
		{16D91D7B-FA73-4279-8D04-D82BB6AAC141}.Debug|Any CPU.ActiveCfg = Debug|Any CPU
		{16D91D7B-FA73-4279-8D04-D82BB6AAC141}.Debug|Any CPU.Build.0 = Debug|Any CPU
		{16D91D7B-FA73-4279-8D04-D82BB6AAC141}.Release|Any CPU.ActiveCfg = Release|Any CPU
		{16D91D7B-FA73-4279-8D04-D82BB6AAC141}.Release|Any CPU.Build.0 = Release|Any CPU
	EndGlobalSection
	GlobalSection(NestedProjects) = preSolution
	EndGlobalSection
EndGlobal
